<?xml version="1.0" encoding="UTF-8" standalone="yes" ?>
<CodeBlocks_project_file>
	<FileVersion major="1" minor="6" />
	<Project>
		<Option title="hexstr" />
		<Option pch_mode="2" />
		<Option compiler="gcc" />
		<Build>
			<Target title="Debug">
				<Option output="bin/hexstr" prefix_auto="1" extension_auto="1" />
				<Option object_output="debug/" />
				<Option type="1" />
				<Option compiler="gcc" />
				<Compiler>
					<Add option="-g" />
				</Compiler>
			</Target>
			<Target title="Release">
				<Option output="bin/hexstr" prefix_auto="1" extension_auto="1" />
				<Option object_output="release/" />
				<Option type="1" />
				<Option compiler="gcc" />
				<Compiler>
					<Add option="-O2" />
				</Compiler>
				<Linker>
					<Add option="-s" />
				</Linker>
			</Target>
		</Build>
		<Compiler>
			<Add option="-Wall" />
			<Add directory="../igntoolkit/genutil" />
		</Compiler>
		<Unit filename="../igntoolkit/genutil/gen/memobj.c">
			<Option compilerVar="CC" />
		</Unit>
		<Unit filename="../igntoolkit/genutil/gen/memobj.h" />
		<Unit filename="../igntoolkit/genutil/gen/string.c">
			<Option compilerVar="CC" />
		</Unit>
		<Unit filename="../igntoolkit/genutil/gen/string.h" />
		<Unit filename="../igntoolkit/genutil/gen/utf.c">
			<Option compilerVar="CC" />
		</Unit>
		<Unit filename="../igntoolkit/genutil/gen/utf.h" />
		<Unit filename="cmddata.c">
			<Option compilerVar="CC" />
		</Unit>
		<Unit filename="cmddata.h" />
		<Unit filename="cmdopt.c">
			<Option compilerVar="CC" />
		</Unit>
		<Unit filename="cmdopt.h" />
		<Unit filename="hexconv.c">
			<Option compilerVar="CC" />
		</Unit>
		<Unit filename="hexconv.h" />
		<Unit filename="main.c">
			<Option compilerVar="CC" />
		</Unit>
		<Extensions>
			<envvars />
			<code_completion />
			<debugger />
			<lib_finder disable_auto="1" />
		</Extensions>
	</Project>
</CodeBlocks_project_file>
